
Microsoft Visual Studio Solution File, Format Version 12.00
# Visual Studio Version 16
VisualStudioVersion = 16.0.32929.386
MinimumVisualStudioVersion = 10.0.40219.1
Project("{FAE04EC0-301F-11D3-BF4B-00C04F79EFBC}") = "Reader", "Reader\Reader.csproj", "{78ECFB85-58B7-433B-A303-932FF2C3772C}"
EndProject
Project("{FAE04EC0-301F-11D3-BF4B-00C04F79EFBC}") = "Replicator", "Replicator\Replicator.csproj", "{1EA47E29-7846-461C-B780-DDB29DB73AC3}"
EndProject
Project("{FAE04EC0-301F-11D3-BF4B-00C04F79EFBC}") = "Writer", "Writer\Writer.csproj", "{9F52E820-4E9E-4B91-9FDA-16813C2C08F7}"
EndProject
Project("{FAE04EC0-301F-11D3-BF4B-00C04F79EFBC}") = "ReaderTest", "ReaderTest\ReaderTest.csproj", "{AF382CF6-9C3B-4BD2-90C4-860522B80BC0}"
EndProject
Project("{FAE04EC0-301F-11D3-BF4B-00C04F79EFBC}") = "ReplicatorTest", "ReplicatorTest\ReplicatorTest.csproj", "{D31875B2-A798-4F3E-B6C6-C60BE60B84D9}"
EndProject
Project("{FAE04EC0-301F-11D3-BF4B-00C04F79EFBC}") = "WriterTest", "WriterTest\WriterTest.csproj", "{C7E35C0C-2E75-4CC2-9245-C4F630F349AE}"
EndProject
Project("{FAE04EC0-301F-11D3-BF4B-00C04F79EFBC}") = "UIInterface", "UIInterface\UIInterface.csproj", "{ACE70B51-0D6A-407D-B7D7-1B8E5B8CF98F}"
EndProject
Project("{FAE04EC0-301F-11D3-BF4B-00C04F79EFBC}") = "UIInterfaceTest", "UIInterfaceTest\UIInterfaceTest.csproj", "{804F4431-4474-439A-AC96-987BBF3CF66B}"
EndProject
Global
	GlobalSection(SolutionConfigurationPlatforms) = preSolution
		Debug|Any CPU = Debug|Any CPU
		Release|Any CPU = Release|Any CPU
	EndGlobalSection
	GlobalSection(ProjectConfigurationPlatforms) = postSolution
		{78ECFB85-58B7-433B-A303-932FF2C3772C}.Debug|Any CPU.ActiveCfg = Debug|Any CPU
		{78ECFB85-58B7-433B-A303-932FF2C3772C}.Debug|Any CPU.Build.0 = Debug|Any CPU
		{78ECFB85-58B7-433B-A303-932FF2C3772C}.Release|Any CPU.ActiveCfg = Release|Any CPU
		{78ECFB85-58B7-433B-A303-932FF2C3772C}.Release|Any CPU.Build.0 = Release|Any CPU
		{1EA47E29-7846-461C-B780-DDB29DB73AC3}.Debug|Any CPU.ActiveCfg = Debug|Any CPU
		{1EA47E29-7846-461C-B780-DDB29DB73AC3}.Debug|Any CPU.Build.0 = Debug|Any CPU
		{1EA47E29-7846-461C-B780-DDB29DB73AC3}.Release|Any CPU.ActiveCfg = Release|Any CPU
		{1EA47E29-7846-461C-B780-DDB29DB73AC3}.Release|Any CPU.Build.0 = Release|Any CPU
		{9F52E820-4E9E-4B91-9FDA-16813C2C08F7}.Debug|Any CPU.ActiveCfg = Debug|Any CPU
		{9F52E820-4E9E-4B91-9FDA-16813C2C08F7}.Debug|Any CPU.Build.0 = Debug|Any CPU
		{9F52E820-4E9E-4B91-9FDA-16813C2C08F7}.Release|Any CPU.ActiveCfg = Release|Any CPU
		{9F52E820-4E9E-4B91-9FDA-16813C2C08F7}.Release|Any CPU.Build.0 = Release|Any CPU
		{AF382CF6-9C3B-4BD2-90C4-860522B80BC0}.Debug|Any CPU.ActiveCfg = Debug|Any CPU
		{AF382CF6-9C3B-4BD2-90C4-860522B80BC0}.Debug|Any CPU.Build.0 = Debug|Any CPU
		{AF382CF6-9C3B-4BD2-90C4-860522B80BC0}.Release|Any CPU.ActiveCfg = Release|Any CPU
		{AF382CF6-9C3B-4BD2-90C4-860522B80BC0}.Release|Any CPU.Build.0 = Release|Any CPU
		{D31875B2-A798-4F3E-B6C6-C60BE60B84D9}.Debug|Any CPU.ActiveCfg = Debug|Any CPU
		{D31875B2-A798-4F3E-B6C6-C60BE60B84D9}.Debug|Any CPU.Build.0 = Debug|Any CPU
		{D31875B2-A798-4F3E-B6C6-C60BE60B84D9}.Release|Any CPU.ActiveCfg = Release|Any CPU
		{D31875B2-A798-4F3E-B6C6-C60BE60B84D9}.Release|Any CPU.Build.0 = Release|Any CPU
		{C7E35C0C-2E75-4CC2-9245-C4F630F349AE}.Debug|Any CPU.ActiveCfg = Debug|Any CPU
		{C7E35C0C-2E75-4CC2-9245-C4F630F349AE}.Debug|Any CPU.Build.0 = Debug|Any CPU
		{C7E35C0C-2E75-4CC2-9245-C4F630F349AE}.Release|Any CPU.ActiveCfg = Release|Any CPU
		{C7E35C0C-2E75-4CC2-9245-C4F630F349AE}.Release|Any CPU.Build.0 = Release|Any CPU
		{ACE70B51-0D6A-407D-B7D7-1B8E5B8CF98F}.Debug|Any CPU.ActiveCfg = Debug|Any CPU
		{ACE70B51-0D6A-407D-B7D7-1B8E5B8CF98F}.Debug|Any CPU.Build.0 = Debug|Any CPU
		{ACE70B51-0D6A-407D-B7D7-1B8E5B8CF98F}.Release|Any CPU.ActiveCfg = Release|Any CPU
		{ACE70B51-0D6A-407D-B7D7-1B8E5B8CF98F}.Release|Any CPU.Build.0 = Release|Any CPU
		{804F4431-4474-439A-AC96-987BBF3CF66B}.Debug|Any CPU.ActiveCfg = Debug|Any CPU
		{804F4431-4474-439A-AC96-987BBF3CF66B}.Debug|Any CPU.Build.0 = Debug|Any CPU
		{804F4431-4474-439A-AC96-987BBF3CF66B}.Release|Any CPU.ActiveCfg = Release|Any CPU
		{804F4431-4474-439A-AC96-987BBF3CF66B}.Release|Any CPU.Build.0 = Release|Any CPU
	EndGlobalSection
	GlobalSection(SolutionProperties) = preSolution
		HideSolutionNode = FALSE
	EndGlobalSection
	GlobalSection(ExtensibilityGlobals) = postSolution
		SolutionGuid = {2EE69F29-717E-4BB0-91CD-30032A3A8412}
	EndGlobalSection
EndGlobal
